
Microsoft Visual Studio Solution File, Format Version 12.00
# Visual Studio Version 17
VisualStudioVersion = 17.8.34112.27
MinimumVisualStudioVersion = 10.0.40219.1
Project("{FAE04EC0-301F-11D3-BF4B-00C04F79EFBC}") = "LinqLanguageEditorOptions", "LinqLanguageEditorOptions.csproj", "{5A0705CA-2070-470F-B79B-D89A71781DB0}"
EndProject
Global
	GlobalSection(SolutionConfigurationPlatforms) = preSolution
		Debug|Any CPU = Debug|Any CPU
		Debug|arm64 = Debug|arm64
		Debug|x86 = Debug|x86
		Release|Any CPU = Release|Any CPU
		Release|arm64 = Release|arm64
		Release|x86 = Release|x86
	EndGlobalSection
	GlobalSection(ProjectConfigurationPlatforms) = postSolution
		{5A0705CA-2070-470F-B79B-D89A71781DB0}.Debug|Any CPU.ActiveCfg = Debug|Any CPU
		{5A0705CA-2070-470F-B79B-D89A71781DB0}.Debug|Any CPU.Build.0 = Debug|Any CPU
		{5A0705CA-2070-470F-B79B-D89A71781DB0}.Debug|arm64.ActiveCfg = Debug|arm64
		{5A0705CA-2070-470F-B79B-D89A71781DB0}.Debug|arm64.Build.0 = Debug|arm64
		{5A0705CA-2070-470F-B79B-D89A71781DB0}.Debug|x86.ActiveCfg = Debug|x86
		{5A0705CA-2070-470F-B79B-D89A71781DB0}.Debug|x86.Build.0 = Debug|x86
		{5A0705CA-2070-470F-B79B-D89A71781DB0}.Release|Any CPU.ActiveCfg = Release|Any CPU
		{5A0705CA-2070-470F-B79B-D89A71781DB0}.Release|Any CPU.Build.0 = Release|Any CPU
		{5A0705CA-2070-470F-B79B-D89A71781DB0}.Release|arm64.ActiveCfg = Release|arm64
		{5A0705CA-2070-470F-B79B-D89A71781DB0}.Release|arm64.Build.0 = Release|arm64
		{5A0705CA-2070-470F-B79B-D89A71781DB0}.Release|x86.ActiveCfg = Release|x86
		{5A0705CA-2070-470F-B79B-D89A71781DB0}.Release|x86.Build.0 = Release|x86
	EndGlobalSection
	GlobalSection(SolutionProperties) = preSolution
		HideSolutionNode = FALSE
	EndGlobalSection
	GlobalSection(ExtensibilityGlobals) = postSolution
		SolutionGuid = {19407AB2-4224-431F-886F-3CACCA884C5C}
	EndGlobalSection
EndGlobal
