
Microsoft Visual Studio Solution File, Format Version 12.00
# Visual Studio Version 17
VisualStudioVersion = 17.5.33530.505
MinimumVisualStudioVersion = 10.0.40219.1
Project("{FAE04EC0-301F-11D3-BF4B-00C04F79EFBC}") = "AddMenuVsMainMenuBar", "AddMenuVsMainMenuBar.csproj", "{21E7E888-F6FA-4F51-8EDC-678DC526041D}"
EndProject
Global
	GlobalSection(SolutionConfigurationPlatforms) = preSolution
		Debug|Any CPU = Debug|Any CPU
		Debug|arm64 = Debug|arm64
		Debug|x86 = Debug|x86
		Release|Any CPU = Release|Any CPU
		Release|arm64 = Release|arm64
		Release|x86 = Release|x86
	EndGlobalSection
	GlobalSection(ProjectConfigurationPlatforms) = postSolution
		{21E7E888-F6FA-4F51-8EDC-678DC526041D}.Debug|Any CPU.ActiveCfg = Debug|Any CPU
		{21E7E888-F6FA-4F51-8EDC-678DC526041D}.Debug|Any CPU.Build.0 = Debug|Any CPU
		{21E7E888-F6FA-4F51-8EDC-678DC526041D}.Debug|arm64.ActiveCfg = Debug|arm64
		{21E7E888-F6FA-4F51-8EDC-678DC526041D}.Debug|arm64.Build.0 = Debug|arm64
		{21E7E888-F6FA-4F51-8EDC-678DC526041D}.Debug|x86.ActiveCfg = Debug|x86
		{21E7E888-F6FA-4F51-8EDC-678DC526041D}.Debug|x86.Build.0 = Debug|x86
		{21E7E888-F6FA-4F51-8EDC-678DC526041D}.Release|Any CPU.ActiveCfg = Release|Any CPU
		{21E7E888-F6FA-4F51-8EDC-678DC526041D}.Release|Any CPU.Build.0 = Release|Any CPU
		{21E7E888-F6FA-4F51-8EDC-678DC526041D}.Release|arm64.ActiveCfg = Release|arm64
		{21E7E888-F6FA-4F51-8EDC-678DC526041D}.Release|arm64.Build.0 = Release|arm64
		{21E7E888-F6FA-4F51-8EDC-678DC526041D}.Release|x86.ActiveCfg = Release|x86
		{21E7E888-F6FA-4F51-8EDC-678DC526041D}.Release|x86.Build.0 = Release|x86
	EndGlobalSection
	GlobalSection(SolutionProperties) = preSolution
		HideSolutionNode = FALSE
	EndGlobalSection
	GlobalSection(ExtensibilityGlobals) = postSolution
		SolutionGuid = {10977D32-BA0A-4A79-9CD5-EFC89B1435B0}
	EndGlobalSection
EndGlobal
