
Microsoft Visual Studio Solution File, Format Version 12.00
# Visual Studio Version 17
VisualStudioVersion = 17.5.33530.505
MinimumVisualStudioVersion = 10.0.40219.1
Project("{FAE04EC0-301F-11D3-BF4B-00C04F79EFBC}") = "InsertGuid", "InsertGuid.csproj", "{B1507EBB-6DA7-4584-B31E-B96AC5EAC95A}"
EndProject
Global
	GlobalSection(SolutionConfigurationPlatforms) = preSolution
		Debug|Any CPU = Debug|Any CPU
		Debug|arm64 = Debug|arm64
		Debug|x86 = Debug|x86
		Release|Any CPU = Release|Any CPU
		Release|arm64 = Release|arm64
		Release|x86 = Release|x86
	EndGlobalSection
	GlobalSection(ProjectConfigurationPlatforms) = postSolution
		{B1507EBB-6DA7-4584-B31E-B96AC5EAC95A}.Debug|Any CPU.ActiveCfg = Debug|Any CPU
		{B1507EBB-6DA7-4584-B31E-B96AC5EAC95A}.Debug|Any CPU.Build.0 = Debug|Any CPU
		{B1507EBB-6DA7-4584-B31E-B96AC5EAC95A}.Debug|arm64.ActiveCfg = Debug|arm64
		{B1507EBB-6DA7-4584-B31E-B96AC5EAC95A}.Debug|arm64.Build.0 = Debug|arm64
		{B1507EBB-6DA7-4584-B31E-B96AC5EAC95A}.Debug|x86.ActiveCfg = Debug|x86
		{B1507EBB-6DA7-4584-B31E-B96AC5EAC95A}.Debug|x86.Build.0 = Debug|x86
		{B1507EBB-6DA7-4584-B31E-B96AC5EAC95A}.Release|Any CPU.ActiveCfg = Release|Any CPU
		{B1507EBB-6DA7-4584-B31E-B96AC5EAC95A}.Release|Any CPU.Build.0 = Release|Any CPU
		{B1507EBB-6DA7-4584-B31E-B96AC5EAC95A}.Release|arm64.ActiveCfg = Release|arm64
		{B1507EBB-6DA7-4584-B31E-B96AC5EAC95A}.Release|arm64.Build.0 = Release|arm64
		{B1507EBB-6DA7-4584-B31E-B96AC5EAC95A}.Release|x86.ActiveCfg = Release|x86
		{B1507EBB-6DA7-4584-B31E-B96AC5EAC95A}.Release|x86.Build.0 = Release|x86
	EndGlobalSection
	GlobalSection(SolutionProperties) = preSolution
		HideSolutionNode = FALSE
	EndGlobalSection
	GlobalSection(ExtensibilityGlobals) = postSolution
		SolutionGuid = {60B55070-FE9F-4BA1-9BFE-4E3CB4187C4F}
	EndGlobalSection
EndGlobal
