
Microsoft Visual Studio Solution File, Format Version 12.00
# Visual Studio Version 17
VisualStudioVersion = 17.5.33530.505
MinimumVisualStudioVersion = 10.0.40219.1
Project("{FAE04EC0-301F-11D3-BF4B-00C04F79EFBC}") = "SpellingErrorList", "SpellingErrorList.csproj", "{D0B7FECE-3FF5-47AA-9ADC-8235BAD5660D}"
EndProject
Global
	GlobalSection(SolutionConfigurationPlatforms) = preSolution
		Debug|Any CPU = Debug|Any CPU
		Debug|arm64 = Debug|arm64
		Debug|x86 = Debug|x86
		Release|Any CPU = Release|Any CPU
		Release|arm64 = Release|arm64
		Release|x86 = Release|x86
	EndGlobalSection
	GlobalSection(ProjectConfigurationPlatforms) = postSolution
		{D0B7FECE-3FF5-47AA-9ADC-8235BAD5660D}.Debug|Any CPU.ActiveCfg = Debug|Any CPU
		{D0B7FECE-3FF5-47AA-9ADC-8235BAD5660D}.Debug|Any CPU.Build.0 = Debug|Any CPU
		{D0B7FECE-3FF5-47AA-9ADC-8235BAD5660D}.Debug|arm64.ActiveCfg = Debug|arm64
		{D0B7FECE-3FF5-47AA-9ADC-8235BAD5660D}.Debug|arm64.Build.0 = Debug|arm64
		{D0B7FECE-3FF5-47AA-9ADC-8235BAD5660D}.Debug|x86.ActiveCfg = Debug|x86
		{D0B7FECE-3FF5-47AA-9ADC-8235BAD5660D}.Debug|x86.Build.0 = Debug|x86
		{D0B7FECE-3FF5-47AA-9ADC-8235BAD5660D}.Release|Any CPU.ActiveCfg = Release|Any CPU
		{D0B7FECE-3FF5-47AA-9ADC-8235BAD5660D}.Release|Any CPU.Build.0 = Release|Any CPU
		{D0B7FECE-3FF5-47AA-9ADC-8235BAD5660D}.Release|arm64.ActiveCfg = Release|arm64
		{D0B7FECE-3FF5-47AA-9ADC-8235BAD5660D}.Release|arm64.Build.0 = Release|arm64
		{D0B7FECE-3FF5-47AA-9ADC-8235BAD5660D}.Release|x86.ActiveCfg = Release|x86
		{D0B7FECE-3FF5-47AA-9ADC-8235BAD5660D}.Release|x86.Build.0 = Release|x86
	EndGlobalSection
	GlobalSection(SolutionProperties) = preSolution
		HideSolutionNode = FALSE
	EndGlobalSection
	GlobalSection(ExtensibilityGlobals) = postSolution
		SolutionGuid = {0497089D-3995-421E-9F16-8C2EF62CE873}
	EndGlobalSection
EndGlobal
