
Microsoft Visual Studio Solution File, Format Version 12.00
# Visual Studio Version 17
VisualStudioVersion = 17.5.33530.505
MinimumVisualStudioVersion = 10.0.40219.1
Project("{9A19103F-16F7-4668-BE54-9A1E7A4F7556}") = "NamedPipesExFourMultiThreadedClient", "NamedPipesExFourMultiThreadedClient\NamedPipesExFourMultiThreadedClient.csproj", "{4F964544-4CEC-48B1-A214-349480362AB4}"
EndProject
Project("{9A19103F-16F7-4668-BE54-9A1E7A4F7556}") = "NamedPipesExFourMultiThreadedServer", "NamedPipesExFourMultiThreadedServer\NamedPipesExFourMultiThreadedServer.csproj", "{60960AF1-CA15-4385-BEF4-43AA01DF3987}"
EndProject
Global
	GlobalSection(SolutionConfigurationPlatforms) = preSolution
		Debug|Any CPU = Debug|Any CPU
		Release|Any CPU = Release|Any CPU
	EndGlobalSection
	GlobalSection(ProjectConfigurationPlatforms) = postSolution
		{4F964544-4CEC-48B1-A214-349480362AB4}.Debug|Any CPU.ActiveCfg = Debug|Any CPU
		{4F964544-4CEC-48B1-A214-349480362AB4}.Debug|Any CPU.Build.0 = Debug|Any CPU
		{4F964544-4CEC-48B1-A214-349480362AB4}.Release|Any CPU.ActiveCfg = Release|Any CPU
		{4F964544-4CEC-48B1-A214-349480362AB4}.Release|Any CPU.Build.0 = Release|Any CPU
		{60960AF1-CA15-4385-BEF4-43AA01DF3987}.Debug|Any CPU.ActiveCfg = Debug|Any CPU
		{60960AF1-CA15-4385-BEF4-43AA01DF3987}.Debug|Any CPU.Build.0 = Debug|Any CPU
		{60960AF1-CA15-4385-BEF4-43AA01DF3987}.Release|Any CPU.ActiveCfg = Release|Any CPU
		{60960AF1-CA15-4385-BEF4-43AA01DF3987}.Release|Any CPU.Build.0 = Release|Any CPU
	EndGlobalSection
	GlobalSection(SolutionProperties) = preSolution
		HideSolutionNode = FALSE
	EndGlobalSection
	GlobalSection(ExtensibilityGlobals) = postSolution
		SolutionGuid = {D0B973C1-2D5F-459B-9185-B6904C5FC65A}
	EndGlobalSection
EndGlobal
