
Microsoft Visual Studio Solution File, Format Version 12.00
# Visual Studio Version 17
VisualStudioVersion = 17.5.33530.505
MinimumVisualStudioVersion = 10.0.40219.1
Project("{9A19103F-16F7-4668-BE54-9A1E7A4F7556}") = "NamedPipesExOneClient", "NamedPipesExOneClient\NamedPipesExOneClient.csproj", "{2ECCE389-611C-40F5-881C-ECE0D80AFDF7}"
EndProject
Project("{9A19103F-16F7-4668-BE54-9A1E7A4F7556}") = "NamedPipesExOneServer", "NamedPipesExOneServer\NamedPipesExOneServer.csproj", "{33436E64-B246-4C83-BE85-58835101C188}"
EndProject
Global
	GlobalSection(SolutionConfigurationPlatforms) = preSolution
		Debug|Any CPU = Debug|Any CPU
		Release|Any CPU = Release|Any CPU
	EndGlobalSection
	GlobalSection(ProjectConfigurationPlatforms) = postSolution
		{2ECCE389-611C-40F5-881C-ECE0D80AFDF7}.Debug|Any CPU.ActiveCfg = Debug|Any CPU
		{2ECCE389-611C-40F5-881C-ECE0D80AFDF7}.Debug|Any CPU.Build.0 = Debug|Any CPU
		{2ECCE389-611C-40F5-881C-ECE0D80AFDF7}.Release|Any CPU.ActiveCfg = Release|Any CPU
		{2ECCE389-611C-40F5-881C-ECE0D80AFDF7}.Release|Any CPU.Build.0 = Release|Any CPU
		{33436E64-B246-4C83-BE85-58835101C188}.Debug|Any CPU.ActiveCfg = Debug|Any CPU
		{33436E64-B246-4C83-BE85-58835101C188}.Debug|Any CPU.Build.0 = Debug|Any CPU
		{33436E64-B246-4C83-BE85-58835101C188}.Release|Any CPU.ActiveCfg = Release|Any CPU
		{33436E64-B246-4C83-BE85-58835101C188}.Release|Any CPU.Build.0 = Release|Any CPU
	EndGlobalSection
	GlobalSection(SolutionProperties) = preSolution
		HideSolutionNode = FALSE
	EndGlobalSection
	GlobalSection(ExtensibilityGlobals) = postSolution
		SolutionGuid = {D0B973C1-2D5F-459B-9185-B6904C5FC65A}
	EndGlobalSection
EndGlobal
