
Microsoft Visual Studio Solution File, Format Version 12.00
# Visual Studio Version 17
VisualStudioVersion = 17.5.33530.505
MinimumVisualStudioVersion = 10.0.40219.1
Project("{9A19103F-16F7-4668-BE54-9A1E7A4F7556}") = "NamedPipesExThreeClient", "NamedPipesExThreeClient\NamedPipesExThreeClient.csproj", "{C00DB034-8F6F-43AA-803F-101823D78EE1}"
EndProject
Project("{9A19103F-16F7-4668-BE54-9A1E7A4F7556}") = "NamedPipesExThreeServer", "NamedPipesExThreeServer\NamedPipesExThreeServer.csproj", "{1138C75D-81A7-4F76-90C2-88891975F1F9}"
EndProject
Global
	GlobalSection(SolutionConfigurationPlatforms) = preSolution
		Debug|Any CPU = Debug|Any CPU
		Release|Any CPU = Release|Any CPU
	EndGlobalSection
	GlobalSection(ProjectConfigurationPlatforms) = postSolution
		{C00DB034-8F6F-43AA-803F-101823D78EE1}.Debug|Any CPU.ActiveCfg = Debug|Any CPU
		{C00DB034-8F6F-43AA-803F-101823D78EE1}.Debug|Any CPU.Build.0 = Debug|Any CPU
		{C00DB034-8F6F-43AA-803F-101823D78EE1}.Release|Any CPU.ActiveCfg = Release|Any CPU
		{C00DB034-8F6F-43AA-803F-101823D78EE1}.Release|Any CPU.Build.0 = Release|Any CPU
		{1138C75D-81A7-4F76-90C2-88891975F1F9}.Debug|Any CPU.ActiveCfg = Debug|Any CPU
		{1138C75D-81A7-4F76-90C2-88891975F1F9}.Debug|Any CPU.Build.0 = Debug|Any CPU
		{1138C75D-81A7-4F76-90C2-88891975F1F9}.Release|Any CPU.ActiveCfg = Release|Any CPU
		{1138C75D-81A7-4F76-90C2-88891975F1F9}.Release|Any CPU.Build.0 = Release|Any CPU
	EndGlobalSection
	GlobalSection(SolutionProperties) = preSolution
		HideSolutionNode = FALSE
	EndGlobalSection
	GlobalSection(ExtensibilityGlobals) = postSolution
		SolutionGuid = {D0B973C1-2D5F-459B-9185-B6904C5FC65A}
	EndGlobalSection
EndGlobal
