
Microsoft Visual Studio Solution File, Format Version 12.00
# Visual Studio Version 17
VisualStudioVersion = 17.5.33530.505
MinimumVisualStudioVersion = 10.0.40219.1
Project("{FAE04EC0-301F-11D3-BF4B-00C04F79EFBC}") = "MyFirstVisualizer", "MyFirstVisualizer\MyFirstVisualizer.csproj", "{858EF8DC-DEF9-4A3D-85F2-C87FC74945DD}"
EndProject
Project("{FAE04EC0-301F-11D3-BF4B-00C04F79EFBC}") = "MyTestConsole", "MyTestConsole\MyTestConsole.csproj", "{17BA7123-2744-49C2-ACA1-CB8E098AFF94}"
EndProject
Global
	GlobalSection(SolutionConfigurationPlatforms) = preSolution
		Debug|Any CPU = Debug|Any CPU
		Release|Any CPU = Release|Any CPU
	EndGlobalSection
	GlobalSection(ProjectConfigurationPlatforms) = postSolution
		{858EF8DC-DEF9-4A3D-85F2-C87FC74945DD}.Debug|Any CPU.ActiveCfg = Debug|Any CPU
		{858EF8DC-DEF9-4A3D-85F2-C87FC74945DD}.Debug|Any CPU.Build.0 = Debug|Any CPU
		{858EF8DC-DEF9-4A3D-85F2-C87FC74945DD}.Release|Any CPU.ActiveCfg = Release|Any CPU
		{858EF8DC-DEF9-4A3D-85F2-C87FC74945DD}.Release|Any CPU.Build.0 = Release|Any CPU
		{17BA7123-2744-49C2-ACA1-CB8E098AFF94}.Debug|Any CPU.ActiveCfg = Debug|Any CPU
		{17BA7123-2744-49C2-ACA1-CB8E098AFF94}.Debug|Any CPU.Build.0 = Debug|Any CPU
		{17BA7123-2744-49C2-ACA1-CB8E098AFF94}.Release|Any CPU.ActiveCfg = Release|Any CPU
		{17BA7123-2744-49C2-ACA1-CB8E098AFF94}.Release|Any CPU.Build.0 = Release|Any CPU
	EndGlobalSection
	GlobalSection(SolutionProperties) = preSolution
		HideSolutionNode = FALSE
	EndGlobalSection
	GlobalSection(ExtensibilityGlobals) = postSolution
		SolutionGuid = {B5E4E3A3-EA84-48AF-99DA-8A83881BA234}
	EndGlobalSection
EndGlobal
