
Microsoft Visual Studio Solution File, Format Version 12.00
# Visual Studio Version 17
VisualStudioVersion = 17.11.35327.3
MinimumVisualStudioVersion = 10.0.40219.1
Project("{FAE04EC0-301F-11D3-BF4B-00C04F79EFBC}") = "WpfAppToExtractVsMonikers", "WpfAppToExtractVsMonikers.csproj", "{BAEF3C2B-A11C-40BE-A168-92278B95FBBC}"
EndProject
Global
	GlobalSection(SolutionConfigurationPlatforms) = preSolution
		Debug|Any CPU = Debug|Any CPU
		Release|Any CPU = Release|Any CPU
	EndGlobalSection
	GlobalSection(ProjectConfigurationPlatforms) = postSolution
		{BAEF3C2B-A11C-40BE-A168-92278B95FBBC}.Debug|Any CPU.ActiveCfg = Debug|Any CPU
		{BAEF3C2B-A11C-40BE-A168-92278B95FBBC}.Debug|Any CPU.Build.0 = Debug|Any CPU
		{BAEF3C2B-A11C-40BE-A168-92278B95FBBC}.Release|Any CPU.ActiveCfg = Release|Any CPU
		{BAEF3C2B-A11C-40BE-A168-92278B95FBBC}.Release|Any CPU.Build.0 = Release|Any CPU
	EndGlobalSection
	GlobalSection(SolutionProperties) = preSolution
		HideSolutionNode = FALSE
	EndGlobalSection
	GlobalSection(ExtensibilityGlobals) = postSolution
		SolutionGuid = {B69FC27C-AE33-465E-9E83-E646E5E76C7C}
	EndGlobalSection
EndGlobal
